
Microsoft Visual Studio Solution File, Format Version 12.00
# Visual Studio Version 16
VisualStudioVersion = 16.0.30907.101
MinimumVisualStudioVersion = 10.0.40219.1
Project("{9A19103F-16F7-4668-BE54-9A1E7A4F7556}") = "Playground.Module", "Playground.Module\Playground.Module.csproj", "{88845211-24DB-41A9-AF74-6F4A78DE4A66}"
EndProject
Project("{9A19103F-16F7-4668-BE54-9A1E7A4F7556}") = "Playground.Module.Blazor", "Playground.Module.Blazor\Playground.Module.Blazor.csproj", "{AD3F2801-61F3-4DF2-974C-12371AECFE1E}"
EndProject
Project("{9A19103F-16F7-4668-BE54-9A1E7A4F7556}") = "Playground.Blazor.Server", "Playground.Blazor.Server\Playground.Blazor.Server.csproj", "{ECC49D2C-0ED4-4B7A-BDF5-CC91BB18B784}"
EndProject
Global
	GlobalSection(SolutionConfigurationPlatforms) = preSolution
		Debug|Any CPU = Debug|Any CPU
		EasyTest|Any CPU = EasyTest|Any CPU
		Release|Any CPU = Release|Any CPU
	EndGlobalSection
	GlobalSection(ProjectConfigurationPlatforms) = postSolution
		{88845211-24DB-41A9-AF74-6F4A78DE4A66}.Debug|Any CPU.ActiveCfg = Debug|Any CPU
		{88845211-24DB-41A9-AF74-6F4A78DE4A66}.Debug|Any CPU.Build.0 = Debug|Any CPU
		{88845211-24DB-41A9-AF74-6F4A78DE4A66}.EasyTest|Any CPU.ActiveCfg = EasyTest|Any CPU
		{88845211-24DB-41A9-AF74-6F4A78DE4A66}.EasyTest|Any CPU.Build.0 = EasyTest|Any CPU
		{88845211-24DB-41A9-AF74-6F4A78DE4A66}.Release|Any CPU.ActiveCfg = Release|Any CPU
		{88845211-24DB-41A9-AF74-6F4A78DE4A66}.Release|Any CPU.Build.0 = Release|Any CPU
		{AD3F2801-61F3-4DF2-974C-12371AECFE1E}.Debug|Any CPU.ActiveCfg = Debug|Any CPU
		{AD3F2801-61F3-4DF2-974C-12371AECFE1E}.Debug|Any CPU.Build.0 = Debug|Any CPU
		{AD3F2801-61F3-4DF2-974C-12371AECFE1E}.EasyTest|Any CPU.ActiveCfg = EasyTest|Any CPU
		{AD3F2801-61F3-4DF2-974C-12371AECFE1E}.EasyTest|Any CPU.Build.0 = EasyTest|Any CPU
		{AD3F2801-61F3-4DF2-974C-12371AECFE1E}.Release|Any CPU.ActiveCfg = Release|Any CPU
		{AD3F2801-61F3-4DF2-974C-12371AECFE1E}.Release|Any CPU.Build.0 = Release|Any CPU
		{ECC49D2C-0ED4-4B7A-BDF5-CC91BB18B784}.Debug|Any CPU.ActiveCfg = Debug|Any CPU
		{ECC49D2C-0ED4-4B7A-BDF5-CC91BB18B784}.Debug|Any CPU.Build.0 = Debug|Any CPU
		{ECC49D2C-0ED4-4B7A-BDF5-CC91BB18B784}.EasyTest|Any CPU.ActiveCfg = EasyTest|Any CPU
		{ECC49D2C-0ED4-4B7A-BDF5-CC91BB18B784}.EasyTest|Any CPU.Build.0 = EasyTest|Any CPU
		{ECC49D2C-0ED4-4B7A-BDF5-CC91BB18B784}.Release|Any CPU.ActiveCfg = Release|Any CPU
		{ECC49D2C-0ED4-4B7A-BDF5-CC91BB18B784}.Release|Any CPU.Build.0 = Release|Any CPU
	EndGlobalSection
	GlobalSection(SolutionProperties) = preSolution
		HideSolutionNode = FALSE
	EndGlobalSection
	GlobalSection(ExtensibilityGlobals) = postSolution
		SolutionGuid = {C5906CF6-AE33-448D-85F2-76FF2638C1A7}
	EndGlobalSection
EndGlobal
